
Microsoft Visual Studio Solution File, Format Version 12.00
# Visual Studio Version 16
VisualStudioVersion = 16.0.29905.134
MinimumVisualStudioVersion = 10.0.40219.1
Project("{FAE04EC0-301F-11D3-BF4B-00C04F79EFBC}") = "Dong.Dennis.4J.es.ContoCorrente", "Dong.Dennis.4J.es.ContoCorrente\Dong.Dennis.4J.es.ContoCorrente.csproj", "{50871D5C-281C-4FB2-858C-FAA0A02F9A78}"
EndProject
Global
	GlobalSection(SolutionConfigurationPlatforms) = preSolution
		Debug|Any CPU = Debug|Any CPU
		Release|Any CPU = Release|Any CPU
	EndGlobalSection
	GlobalSection(ProjectConfigurationPlatforms) = postSolution
		{50871D5C-281C-4FB2-858C-FAA0A02F9A78}.Debug|Any CPU.ActiveCfg = Debug|Any CPU
		{50871D5C-281C-4FB2-858C-FAA0A02F9A78}.Debug|Any CPU.Build.0 = Debug|Any CPU
		{50871D5C-281C-4FB2-858C-FAA0A02F9A78}.Release|Any CPU.ActiveCfg = Release|Any CPU
		{50871D5C-281C-4FB2-858C-FAA0A02F9A78}.Release|Any CPU.Build.0 = Release|Any CPU
	EndGlobalSection
	GlobalSection(SolutionProperties) = preSolution
		HideSolutionNode = FALSE
	EndGlobalSection
	GlobalSection(ExtensibilityGlobals) = postSolution
		SolutionGuid = {952D3436-EE72-4860-9F2B-6F36B9338EE9}
	EndGlobalSection
EndGlobal
